<Solution>
  <Folder Name="/01-white-belt/">
    <Project Path="01-white-belt/L001/L001.csproj" />
    <Project Path="01-white-belt/L002/L002.csproj" />
    <Project Path="01-white-belt/L003/L003.csproj" />
    <Project Path="01-white-belt/L005/L005.csproj" />
    <Project Path="01-white-belt/L009/L009.csproj" />
    <Project Path="01-white-belt/L010/L010.csproj" />
    <Project Path="01-white-belt/L011/L011.csproj" />
  </Folder>
  <Folder Name="/02-yellow-belt/">
    <Project Path="02-yellow-belt/L006/L006.csproj" />
  </Folder>
  <Folder Name="/03-green-belt/">
    <Project Path="03-green-belt/L004/L004.csproj" />
    <Project Path="03-green-belt/L012/L012.csproj" />
    <Project Path="03-green-belt/L013/L013.csproj" />
    <Project Path="03-green-belt/L014/L014.csproj" />
    <Project Path="03-green-belt/L015/L015.csproj" />
    <Project Path="03-green-belt/L016/L016.csproj" />
    <Project Path="03-green-belt/L017/L017.csproj" />
    <Project Path="03-green-belt/L018/L018.csproj" />
  </Folder>
  <Folder Name="/04-brown-belt/">
    <Project Path="04-brown-belt/L007/L007.csproj" />
  </Folder>
  <Folder Name="/05-black-belt/">
    <Project Path="05-black-belt/L008/L008.csproj" />
  </Folder>
</Solution>
