<Solution>
  <Folder Name="/01-white-belt/">
    <Project Path="01-white-belt/L001/L001.csproj" />
    <Project Path="01-white-belt/L002/L002.csproj" />
    <Project Path="01-white-belt/L003/L003.csproj" />
  </Folder>
  <Folder Name="/02-yellow-belt/" />
  <Folder Name="/03-green-belt/" />
  <Folder Name="/04-brown-belt/" />
  <Folder Name="/05-black-belt/" />
</Solution>
